// !$*UTF8*$!
{
	archiveVersion = 1;
	classes = {
	};
	objectVersion = 51;
	objects = {

/* Begin PBXBuildFile section */
		855FA2579E687F671E07AB81 /* Pods_JesusPeople.framework in Frameworks */ = {isa = PBXBuildFile; fileRef = 23981A45F7B3506F047B64A2 /* Pods_JesusPeople.framework */; };
		D7432F7026555F7C0044E521 /* AppDelegate.swift in Sources */ = {isa = PBXBuildFile; fileRef = D7432F6F26555F7C0044E521 /* AppDelegate.swift */; };
		D7432F7226555F7C0044E521 /* SceneDelegate.swift in Sources */ = {isa = PBXBuildFile; fileRef = D7432F7126555F7C0044E521 /* SceneDelegate.swift */; };
		D7432F7726555F7C0044E521 /* Main.storyboard in Resources */ = {isa = PBXBuildFile; fileRef = D7432F7526555F7C0044E521 /* Main.storyboard */; };
		D7432F7926555F800044E521 /* Assets.xcassets in Resources */ = {isa = PBXBuildFile; fileRef = D7432F7826555F800044E521 /* Assets.xcassets */; };
		D7432F7C26555F800044E521 /* LaunchScreen.storyboard in Resources */ = {isa = PBXBuildFile; fileRef = D7432F7A26555F800044E521 /* LaunchScreen.storyboard */; };
		D7432F84265575680044E521 /* WelcomeViewController.swift in Sources */ = {isa = PBXBuildFile; fileRef = D7432F83265575680044E521 /* WelcomeViewController.swift */; };
		D7AD94012655A45400556DEE /* MenuTableViewController.swift in Sources */ = {isa = PBXBuildFile; fileRef = D7AD94002655A45400556DEE /* MenuTableViewController.swift */; };
		D7AD940526568E0800556DEE /* SermonsTableViewController.swift in Sources */ = {isa = PBXBuildFile; fileRef = D7AD940426568E0800556DEE /* SermonsTableViewController.swift */; };
		D7AD940926568EA900556DEE /* NotesViewController.swift in Sources */ = {isa = PBXBuildFile; fileRef = D7AD940826568EA900556DEE /* NotesViewController.swift */; };
		D7AD940B265690AF00556DEE /* BibleViewController.swift in Sources */ = {isa = PBXBuildFile; fileRef = D7AD940A265690AF00556DEE /* BibleViewController.swift */; };
		D7F436AE26593C0C002C7E72 /* client_554336350591-6hshsabahjbbn58it4e4ahmb1lvt10nb.apps.googleusercontent.com.plist in Resources */ = {isa = PBXBuildFile; fileRef = D7F436AD26593C0C002C7E72 /* client_554336350591-6hshsabahjbbn58it4e4ahmb1lvt10nb.apps.googleusercontent.com.plist */; };
		D7F436B0265B29A5002C7E72 /* PlaylistDataModel.swift in Sources */ = {isa = PBXBuildFile; fileRef = D7F436AF265B29A5002C7E72 /* PlaylistDataModel.swift */; };
		D7F436B2265B29B9002C7E72 /* SermonsDataManager.swift in Sources */ = {isa = PBXBuildFile; fileRef = D7F436B1265B29B9002C7E72 /* SermonsDataManager.swift */; };
		D7F436B9265B61BD002C7E72 /* Constants.swift in Sources */ = {isa = PBXBuildFile; fileRef = D7F436B8265B61BD002C7E72 /* Constants.swift */; };
		D7F436BB265BDF83002C7E72 /* VideoDataModel.swift in Sources */ = {isa = PBXBuildFile; fileRef = D7F436BA265BDF83002C7E72 /* VideoDataModel.swift */; };
		D7F436BD265BDF9F002C7E72 /* SermonModel.swift in Sources */ = {isa = PBXBuildFile; fileRef = D7F436BC265BDF9F002C7E72 /* SermonModel.swift */; };
/* End PBXBuildFile section */

/* Begin PBXFileReference section */
		23981A45F7B3506F047B64A2 /* Pods_JesusPeople.framework */ = {isa = PBXFileReference; explicitFileType = wrapper.framework; includeInIndex = 0; path = Pods_JesusPeople.framework; sourceTree = BUILT_PRODUCTS_DIR; };
		74050CB474A3A91AB1D124A4 /* Pods-JesusPeople.release.xcconfig */ = {isa = PBXFileReference; includeInIndex = 1; lastKnownFileType = text.xcconfig; name = "Pods-JesusPeople.release.xcconfig"; path = "Target Support Files/Pods-JesusPeople/Pods-JesusPeople.release.xcconfig"; sourceTree = "<group>"; };
		A8F227D0860392BA6616C031 /* Pods-JesusPeople.debug.xcconfig */ = {isa = PBXFileReference; includeInIndex = 1; lastKnownFileType = text.xcconfig; name = "Pods-JesusPeople.debug.xcconfig"; path = "Target Support Files/Pods-JesusPeople/Pods-JesusPeople.debug.xcconfig"; sourceTree = "<group>"; };
		D7432F6C26555F7C0044E521 /* JesusPeople.app */ = {isa = PBXFileReference; explicitFileType = wrapper.application; includeInIndex = 0; path = JesusPeople.app; sourceTree = BUILT_PRODUCTS_DIR; };
		D7432F6F26555F7C0044E521 /* AppDelegate.swift */ = {isa = PBXFileReference; lastKnownFileType = sourcecode.swift; path = AppDelegate.swift; sourceTree = "<group>"; };
		D7432F7126555F7C0044E521 /* SceneDelegate.swift */ = {isa = PBXFileReference; lastKnownFileType = sourcecode.swift; path = SceneDelegate.swift; sourceTree = "<group>"; };
		D7432F7626555F7C0044E521 /* Base */ = {isa = PBXFileReference; lastKnownFileType = file.storyboard; name = Base; path = Base.lproj/Main.storyboard; sourceTree = "<group>"; };
		D7432F7826555F800044E521 /* Assets.xcassets */ = {isa = PBXFileReference; lastKnownFileType = folder.assetcatalog; path = Assets.xcassets; sourceTree = "<group>"; };
		D7432F7B26555F800044E521 /* Base */ = {isa = PBXFileReference; lastKnownFileType = file.storyboard; name = Base; path = Base.lproj/LaunchScreen.storyboard; sourceTree = "<group>"; };
		D7432F7D26555F800044E521 /* Info.plist */ = {isa = PBXFileReference; lastKnownFileType = text.plist.xml; path = Info.plist; sourceTree = "<group>"; };
		D7432F83265575680044E521 /* WelcomeViewController.swift */ = {isa = PBXFileReference; lastKnownFileType = sourcecode.swift; path = WelcomeViewController.swift; sourceTree = "<group>"; };
		D7AD94002655A45400556DEE /* MenuTableViewController.swift */ = {isa = PBXFileReference; lastKnownFileType = sourcecode.swift; path = MenuTableViewController.swift; sourceTree = "<group>"; };
		D7AD940426568E0800556DEE /* SermonsTableViewController.swift */ = {isa = PBXFileReference; lastKnownFileType = sourcecode.swift; path = SermonsTableViewController.swift; sourceTree = "<group>"; };
		D7AD940826568EA900556DEE /* NotesViewController.swift */ = {isa = PBXFileReference; lastKnownFileType = sourcecode.swift; path = NotesViewController.swift; sourceTree = "<group>"; };
		D7AD940A265690AF00556DEE /* BibleViewController.swift */ = {isa = PBXFileReference; lastKnownFileType = sourcecode.swift; path = BibleViewController.swift; sourceTree = "<group>"; };
		D7F436AD26593C0C002C7E72 /* client_554336350591-6hshsabahjbbn58it4e4ahmb1lvt10nb.apps.googleusercontent.com.plist */ = {isa = PBXFileReference; fileEncoding = 4; lastKnownFileType = text.plist.xml; name = "client_554336350591-6hshsabahjbbn58it4e4ahmb1lvt10nb.apps.googleusercontent.com.plist"; path = "JesusPeople/client_554336350591-6hshsabahjbbn58it4e4ahmb1lvt10nb.apps.googleusercontent.com.plist"; sourceTree = "<group>"; };
		D7F436AF265B29A5002C7E72 /* PlaylistDataModel.swift */ = {isa = PBXFileReference; lastKnownFileType = sourcecode.swift; path = PlaylistDataModel.swift; sourceTree = "<group>"; };
		D7F436B1265B29B9002C7E72 /* SermonsDataManager.swift */ = {isa = PBXFileReference; lastKnownFileType = sourcecode.swift; path = SermonsDataManager.swift; sourceTree = "<group>"; };
		D7F436B8265B61BD002C7E72 /* Constants.swift */ = {isa = PBXFileReference; lastKnownFileType = sourcecode.swift; path = Constants.swift; sourceTree = "<group>"; };
		D7F436BA265BDF83002C7E72 /* VideoDataModel.swift */ = {isa = PBXFileReference; lastKnownFileType = sourcecode.swift; path = VideoDataModel.swift; sourceTree = "<group>"; };
		D7F436BC265BDF9F002C7E72 /* SermonModel.swift */ = {isa = PBXFileReference; lastKnownFileType = sourcecode.swift; path = SermonModel.swift; sourceTree = "<group>"; };
/* End PBXFileReference section */

/* Begin PBXFrameworksBuildPhase section */
		D7432F6926555F7C0044E521 /* Frameworks */ = {
			isa = PBXFrameworksBuildPhase;
			buildActionMask = 2147483647;
			files = (
				855FA2579E687F671E07AB81 /* Pods_JesusPeople.framework in Frameworks */,
			);
			runOnlyForDeploymentPostprocessing = 0;
		};
/* End PBXFrameworksBuildPhase section */

/* Begin PBXGroup section */
		83CC88215B09F438B65DB85C /* Pods */ = {
			isa = PBXGroup;
			children = (
				A8F227D0860392BA6616C031 /* Pods-JesusPeople.debug.xcconfig */,
				74050CB474A3A91AB1D124A4 /* Pods-JesusPeople.release.xcconfig */,
			);
			path = Pods;
			sourceTree = "<group>";
		};
		D7432F6326555F7C0044E521 = {
			isa = PBXGroup;
			children = (
				D7F436AD26593C0C002C7E72 /* client_554336350591-6hshsabahjbbn58it4e4ahmb1lvt10nb.apps.googleusercontent.com.plist */,
				D7432F6E26555F7C0044E521 /* JesusPeople */,
				D7432F6D26555F7C0044E521 /* Products */,
				83CC88215B09F438B65DB85C /* Pods */,
				E58031511A9F41059C597339 /* Frameworks */,
			);
			sourceTree = "<group>";
		};
		D7432F6D26555F7C0044E521 /* Products */ = {
			isa = PBXGroup;
			children = (
				D7432F6C26555F7C0044E521 /* JesusPeople.app */,
			);
			name = Products;
			sourceTree = "<group>";
		};
		D7432F6E26555F7C0044E521 /* JesusPeople */ = {
			isa = PBXGroup;
			children = (
				D7432F87265575A50044E521 /* Controller */,
				D7432F86265575980044E521 /* View */,
				D7432F85265575900044E521 /* Model */,
				D7432F6F26555F7C0044E521 /* AppDelegate.swift */,
				D7432F7126555F7C0044E521 /* SceneDelegate.swift */,
				D7432F7826555F800044E521 /* Assets.xcassets */,
				D7432F7A26555F800044E521 /* LaunchScreen.storyboard */,
				D7432F7D26555F800044E521 /* Info.plist */,
			);
			path = JesusPeople;
			sourceTree = "<group>";
		};
		D7432F85265575900044E521 /* Model */ = {
			isa = PBXGroup;
			children = (
				D7F436AF265B29A5002C7E72 /* PlaylistDataModel.swift */,
				D7F436B1265B29B9002C7E72 /* SermonsDataManager.swift */,
				D7F436B8265B61BD002C7E72 /* Constants.swift */,
				D7F436BA265BDF83002C7E72 /* VideoDataModel.swift */,
				D7F436BC265BDF9F002C7E72 /* SermonModel.swift */,
			);
			path = Model;
			sourceTree = "<group>";
		};
		D7432F86265575980044E521 /* View */ = {
			isa = PBXGroup;
			children = (
				D7432F7526555F7C0044E521 /* Main.storyboard */,
			);
			path = View;
			sourceTree = "<group>";
		};
		D7432F87265575A50044E521 /* Controller */ = {
			isa = PBXGroup;
			children = (
				D7432F83265575680044E521 /* WelcomeViewController.swift */,
				D7AD94002655A45400556DEE /* MenuTableViewController.swift */,
				D7AD940426568E0800556DEE /* SermonsTableViewController.swift */,
				D7AD940826568EA900556DEE /* NotesViewController.swift */,
				D7AD940A265690AF00556DEE /* BibleViewController.swift */,
			);
			path = Controller;
			sourceTree = "<group>";
		};
		E58031511A9F41059C597339 /* Frameworks */ = {
			isa = PBXGroup;
			children = (
				23981A45F7B3506F047B64A2 /* Pods_JesusPeople.framework */,
			);
			name = Frameworks;
			sourceTree = "<group>";
		};
/* End PBXGroup section */

/* Begin PBXNativeTarget section */
		D7432F6B26555F7C0044E521 /* JesusPeople */ = {
			isa = PBXNativeTarget;
			buildConfigurationList = D7432F8026555F800044E521 /* Build configuration list for PBXNativeTarget "JesusPeople" */;
			buildPhases = (
				4EBFDC2B97A3E28FF374E9F4 /* [CP] Check Pods Manifest.lock */,
				D7432F6826555F7C0044E521 /* Sources */,
				D7432F6926555F7C0044E521 /* Frameworks */,
				D7432F6A26555F7C0044E521 /* Resources */,
				8BB8CB8BDB14AE3078BED8CB /* [CP] Embed Pods Frameworks */,
			);
			buildRules = (
			);
			dependencies = (
			);
			name = JesusPeople;
			productName = JesusPeople;
			productReference = D7432F6C26555F7C0044E521 /* JesusPeople.app */;
			productType = "com.apple.product-type.application";
		};
/* End PBXNativeTarget section */

/* Begin PBXProject section */
		D7432F6426555F7C0044E521 /* Project object */ = {
			isa = PBXProject;
			attributes = {
				LastSwiftUpdateCheck = 1250;
				LastUpgradeCheck = 1250;
				TargetAttributes = {
					D7432F6B26555F7C0044E521 = {
						CreatedOnToolsVersion = 12.5;
					};
				};
			};
			buildConfigurationList = D7432F6726555F7C0044E521 /* Build configuration list for PBXProject "JesusPeople" */;
			compatibilityVersion = "Xcode 9.3";
			developmentRegion = en;
			hasScannedForEncodings = 0;
			knownRegions = (
				en,
				Base,
			);
			mainGroup = D7432F6326555F7C0044E521;
			productRefGroup = D7432F6D26555F7C0044E521 /* Products */;
			projectDirPath = "";
			projectRoot = "";
			targets = (
				D7432F6B26555F7C0044E521 /* JesusPeople */,
			);
		};
/* End PBXProject section */

/* Begin PBXResourcesBuildPhase section */
		D7432F6A26555F7C0044E521 /* Resources */ = {
			isa = PBXResourcesBuildPhase;
			buildActionMask = 2147483647;
			files = (
				D7432F7C26555F800044E521 /* LaunchScreen.storyboard in Resources */,
				D7432F7926555F800044E521 /* Assets.xcassets in Resources */,
				D7F436AE26593C0C002C7E72 /* client_554336350591-6hshsabahjbbn58it4e4ahmb1lvt10nb.apps.googleusercontent.com.plist in Resources */,
				D7432F7726555F7C0044E521 /* Main.storyboard in Resources */,
			);
			runOnlyForDeploymentPostprocessing = 0;
		};
/* End PBXResourcesBuildPhase section */

/* Begin PBXShellScriptBuildPhase section */
		4EBFDC2B97A3E28FF374E9F4 /* [CP] Check Pods Manifest.lock */ = {
			isa = PBXShellScriptBuildPhase;
			buildActionMask = 2147483647;
			files = (
			);
			inputFileListPaths = (
			);
			inputPaths = (
				"${PODS_PODFILE_DIR_PATH}/Podfile.lock",
				"${PODS_ROOT}/Manifest.lock",
			);
			name = "[CP] Check Pods Manifest.lock";
			outputFileListPaths = (
			);
			outputPaths = (
				"$(DERIVED_FILE_DIR)/Pods-JesusPeople-checkManifestLockResult.txt",
			);
			runOnlyForDeploymentPostprocessing = 0;
			shellPath = /bin/sh;
			shellScript = "diff \"${PODS_PODFILE_DIR_PATH}/Podfile.lock\" \"${PODS_ROOT}/Manifest.lock\" > /dev/null\nif [ $? != 0 ] ; then\n    # print error to STDERR\n    echo \"error: The sandbox is not in sync with the Podfile.lock. Run 'pod install' or update your CocoaPods installation.\" >&2\n    exit 1\nfi\n# This output is used by Xcode 'outputs' to avoid re-running this script phase.\necho \"SUCCESS\" > \"${SCRIPT_OUTPUT_FILE_0}\"\n";
			showEnvVarsInLog = 0;
		};
		8BB8CB8BDB14AE3078BED8CB /* [CP] Embed Pods Frameworks */ = {
			isa = PBXShellScriptBuildPhase;
			buildActionMask = 2147483647;
			files = (
			);
			inputFileListPaths = (
				"${PODS_ROOT}/Target Support Files/Pods-JesusPeople/Pods-JesusPeople-frameworks-${CONFIGURATION}-input-files.xcfilelist",
			);
			name = "[CP] Embed Pods Frameworks";
			outputFileListPaths = (
				"${PODS_ROOT}/Target Support Files/Pods-JesusPeople/Pods-JesusPeople-frameworks-${CONFIGURATION}-output-files.xcfilelist",
			);
			runOnlyForDeploymentPostprocessing = 0;
			shellPath = /bin/sh;
			shellScript = "\"${PODS_ROOT}/Target Support Files/Pods-JesusPeople/Pods-JesusPeople-frameworks.sh\"\n";
			showEnvVarsInLog = 0;
		};
/* End PBXShellScriptBuildPhase section */

/* Begin PBXSourcesBuildPhase section */
		D7432F6826555F7C0044E521 /* Sources */ = {
			isa = PBXSourcesBuildPhase;
			buildActionMask = 2147483647;
			files = (
				D7F436BB265BDF83002C7E72 /* VideoDataModel.swift in Sources */,
				D7AD94012655A45400556DEE /* MenuTableViewController.swift in Sources */,
				D7AD940B265690AF00556DEE /* BibleViewController.swift in Sources */,
				D7432F84265575680044E521 /* WelcomeViewController.swift in Sources */,
				D7F436B0265B29A5002C7E72 /* PlaylistDataModel.swift in Sources */,
				D7AD940526568E0800556DEE /* SermonsTableViewController.swift in Sources */,
				D7F436B9265B61BD002C7E72 /* Constants.swift in Sources */,
				D7AD940926568EA900556DEE /* NotesViewController.swift in Sources */,
				D7432F7026555F7C0044E521 /* AppDelegate.swift in Sources */,
				D7F436BD265BDF9F002C7E72 /* SermonModel.swift in Sources */,
				D7F436B2265B29B9002C7E72 /* SermonsDataManager.swift in Sources */,
				D7432F7226555F7C0044E521 /* SceneDelegate.swift in Sources */,
			);
			runOnlyForDeploymentPostprocessing = 0;
		};
/* End PBXSourcesBuildPhase section */

/* Begin PBXVariantGroup section */
		D7432F7526555F7C0044E521 /* Main.storyboard */ = {
			isa = PBXVariantGroup;
			children = (
				D7432F7626555F7C0044E521 /* Base */,
			);
			name = Main.storyboard;
			sourceTree = "<group>";
		};
		D7432F7A26555F800044E521 /* LaunchScreen.storyboard */ = {
			isa = PBXVariantGroup;
			children = (
				D7432F7B26555F800044E521 /* Base */,
			);
			name = LaunchScreen.storyboard;
			sourceTree = "<group>";
		};
/* End PBXVariantGroup section */

/* Begin XCBuildConfiguration section */
		D7432F7E26555F800044E521 /* Debug */ = {
			isa = XCBuildConfiguration;
			buildSettings = {
				ALWAYS_SEARCH_USER_PATHS = NO;
				CLANG_ANALYZER_NONNULL = YES;
				CLANG_ANALYZER_NUMBER_OBJECT_CONVERSION = YES_AGGRESSIVE;
				CLANG_CXX_LANGUAGE_STANDARD = "gnu++14";
				CLANG_CXX_LIBRARY = "libc++";
				CLANG_ENABLE_MODULES = YES;
				CLANG_ENABLE_OBJC_ARC = YES;
				CLANG_ENABLE_OBJC_WEAK = YES;
				CLANG_WARN_BLOCK_CAPTURE_AUTORELEASING = YES;
				CLANG_WARN_BOOL_CONVERSION = YES;
				CLANG_WARN_COMMA = YES;
				CLANG_WARN_CONSTANT_CONVERSION = YES;
				CLANG_WARN_DEPRECATED_OBJC_IMPLEMENTATIONS = YES;
				CLANG_WARN_DIRECT_OBJC_ISA_USAGE = YES_ERROR;
				CLANG_WARN_DOCUMENTATION_COMMENTS = YES;
				CLANG_WARN_EMPTY_BODY = YES;
				CLANG_WARN_ENUM_CONVERSION = YES;
				CLANG_WARN_INFINITE_RECURSION = YES;
				CLANG_WARN_INT_CONVERSION = YES;
				CLANG_WARN_NON_LITERAL_NULL_CONVERSION = YES;
				CLANG_WARN_OBJC_IMPLICIT_RETAIN_SELF = YES;
				CLANG_WARN_OBJC_LITERAL_CONVERSION = YES;
				CLANG_WARN_OBJC_ROOT_CLASS = YES_ERROR;
				CLANG_WARN_QUOTED_INCLUDE_IN_FRAMEWORK_HEADER = YES;
				CLANG_WARN_RANGE_LOOP_ANALYSIS = YES;
				CLANG_WARN_STRICT_PROTOTYPES = YES;
				CLANG_WARN_SUSPICIOUS_MOVE = YES;
				CLANG_WARN_UNGUARDED_AVAILABILITY = YES_AGGRESSIVE;
				CLANG_WARN_UNREACHABLE_CODE = YES;
				CLANG_WARN__DUPLICATE_METHOD_MATCH = YES;
				COPY_PHASE_STRIP = NO;
				DEBUG_INFORMATION_FORMAT = dwarf;
				ENABLE_STRICT_OBJC_MSGSEND = YES;
				ENABLE_TESTABILITY = YES;
				GCC_C_LANGUAGE_STANDARD = gnu11;
				GCC_DYNAMIC_NO_PIC = NO;
				GCC_NO_COMMON_BLOCKS = YES;
				GCC_OPTIMIZATION_LEVEL = 0;
				GCC_PREPROCESSOR_DEFINITIONS = (
					"DEBUG=1",
					"$(inherited)",
				);
				GCC_WARN_64_TO_32_BIT_CONVERSION = YES;
				GCC_WARN_ABOUT_RETURN_TYPE = YES_ERROR;
				GCC_WARN_UNDECLARED_SELECTOR = YES;
				GCC_WARN_UNINITIALIZED_AUTOS = YES_AGGRESSIVE;
				GCC_WARN_UNUSED_FUNCTION = YES;
				GCC_WARN_UNUSED_VARIABLE = YES;
				IPHONEOS_DEPLOYMENT_TARGET = 13.0;
				MTL_ENABLE_DEBUG_INFO = INCLUDE_SOURCE;
				MTL_FAST_MATH = YES;
				ONLY_ACTIVE_ARCH = YES;
				SDKROOT = iphoneos;
				SWIFT_ACTIVE_COMPILATION_CONDITIONS = DEBUG;
				SWIFT_OPTIMIZATION_LEVEL = "-Onone";
			};
			name = Debug;
		};
		D7432F7F26555F800044E521 /* Release */ = {
			isa = XCBuildConfiguration;
			buildSettings = {
				ALWAYS_SEARCH_USER_PATHS = NO;
				CLANG_ANALYZER_NONNULL = YES;
				CLANG_ANALYZER_NUMBER_OBJECT_CONVERSION = YES_AGGRESSIVE;
				CLANG_CXX_LANGUAGE_STANDARD = "gnu++14";
				CLANG_CXX_LIBRARY = "libc++";
				CLANG_ENABLE_MODULES = YES;
				CLANG_ENABLE_OBJC_ARC = YES;
				CLANG_ENABLE_OBJC_WEAK = YES;
				CLANG_WARN_BLOCK_CAPTURE_AUTORELEASING = YES;
				CLANG_WARN_BOOL_CONVERSION = YES;
				CLANG_WARN_COMMA = YES;
				CLANG_WARN_CONSTANT_CONVERSION = YES;
				CLANG_WARN_DEPRECATED_OBJC_IMPLEMENTATIONS = YES;
				CLANG_WARN_DIRECT_OBJC_ISA_USAGE = YES_ERROR;
				CLANG_WARN_DOCUMENTATION_COMMENTS = YES;
				CLANG_WARN_EMPTY_BODY = YES;
				CLANG_WARN_ENUM_CONVERSION = YES;
				CLANG_WARN_INFINITE_RECURSION = YES;
				CLANG_WARN_INT_CONVERSION = YES;
				CLANG_WARN_NON_LITERAL_NULL_CONVERSION = YES;
				CLANG_WARN_OBJC_IMPLICIT_RETAIN_SELF = YES;
				CLANG_WARN_OBJC_LITERAL_CONVERSION = YES;
				CLANG_WARN_OBJC_ROOT_CLASS = YES_ERROR;
				CLANG_WARN_QUOTED_INCLUDE_IN_FRAMEWORK_HEADER = YES;
				CLANG_WARN_RANGE_LOOP_ANALYSIS = YES;
				CLANG_WARN_STRICT_PROTOTYPES = YES;
				CLANG_WARN_SUSPICIOUS_MOVE = YES;
				CLANG_WARN_UNGUARDED_AVAILABILITY = YES_AGGRESSIVE;
				CLANG_WARN_UNREACHABLE_CODE = YES;
				CLANG_WARN__DUPLICATE_METHOD_MATCH = YES;
				COPY_PHASE_STRIP = NO;
				DEBUG_INFORMATION_FORMAT = "dwarf-with-dsym";
				ENABLE_NS_ASSERTIONS = NO;
				ENABLE_STRICT_OBJC_MSGSEND = YES;
				GCC_C_LANGUAGE_STANDARD = gnu11;
				GCC_NO_COMMON_BLOCKS = YES;
				GCC_WARN_64_TO_32_BIT_CONVERSION = YES;
				GCC_WARN_ABOUT_RETURN_TYPE = YES_ERROR;
				GCC_WARN_UNDECLARED_SELECTOR = YES;
				GCC_WARN_UNINITIALIZED_AUTOS = YES_AGGRESSIVE;
				GCC_WARN_UNUSED_FUNCTION = YES;
				GCC_WARN_UNUSED_VARIABLE = YES;
				IPHONEOS_DEPLOYMENT_TARGET = 13.0;
				MTL_ENABLE_DEBUG_INFO = NO;
				MTL_FAST_MATH = YES;
				SDKROOT = iphoneos;
				SWIFT_COMPILATION_MODE = wholemodule;
				SWIFT_OPTIMIZATION_LEVEL = "-O";
				VALIDATE_PRODUCT = YES;
			};
			name = Release;
		};
		D7432F8126555F800044E521 /* Debug */ = {
			isa = XCBuildConfiguration;
			baseConfigurationReference = A8F227D0860392BA6616C031 /* Pods-JesusPeople.debug.xcconfig */;
			buildSettings = {
				ASSETCATALOG_COMPILER_APPICON_NAME = AppIcon;
				ASSETCATALOG_COMPILER_GLOBAL_ACCENT_COLOR_NAME = AccentColor;
				CODE_SIGN_STYLE = Automatic;
				DEVELOPMENT_TEAM = 5G8Y79X7ML;
				INFOPLIST_FILE = JesusPeople/Info.plist;
				LD_RUNPATH_SEARCH_PATHS = (
					"$(inherited)",
					"@executable_path/Frameworks",
				);
				PRODUCT_BUNDLE_IDENTIFIER = com.desiree.jallow.JesusPeople;
				PRODUCT_NAME = "$(TARGET_NAME)";
				SWIFT_VERSION = 5.0;
				TARGETED_DEVICE_FAMILY = "1,2";
			};
			name = Debug;
		};
		D7432F8226555F800044E521 /* Release */ = {
			isa = XCBuildConfiguration;
			baseConfigurationReference = 74050CB474A3A91AB1D124A4 /* Pods-JesusPeople.release.xcconfig */;
			buildSettings = {
				ASSETCATALOG_COMPILER_APPICON_NAME = AppIcon;
				ASSETCATALOG_COMPILER_GLOBAL_ACCENT_COLOR_NAME = AccentColor;
				CODE_SIGN_STYLE = Automatic;
				DEVELOPMENT_TEAM = 5G8Y79X7ML;
				INFOPLIST_FILE = JesusPeople/Info.plist;
				LD_RUNPATH_SEARCH_PATHS = (
					"$(inherited)",
					"@executable_path/Frameworks",
				);
				PRODUCT_BUNDLE_IDENTIFIER = com.desiree.jallow.JesusPeople;
				PRODUCT_NAME = "$(TARGET_NAME)";
				SWIFT_VERSION = 5.0;
				TARGETED_DEVICE_FAMILY = "1,2";
			};
			name = Release;
		};
/* End XCBuildConfiguration section */

/* Begin XCConfigurationList section */
		D7432F6726555F7C0044E521 /* Build configuration list for PBXProject "JesusPeople" */ = {
			isa = XCConfigurationList;
			buildConfigurations = (
				D7432F7E26555F800044E521 /* Debug */,
				D7432F7F26555F800044E521 /* Release */,
			);
			defaultConfigurationIsVisible = 0;
			defaultConfigurationName = Release;
		};
		D7432F8026555F800044E521 /* Build configuration list for PBXNativeTarget "JesusPeople" */ = {
			isa = XCConfigurationList;
			buildConfigurations = (
				D7432F8126555F800044E521 /* Debug */,
				D7432F8226555F800044E521 /* Release */,
			);
			defaultConfigurationIsVisible = 0;
			defaultConfigurationName = Release;
		};
/* End XCConfigurationList section */
	};
	rootObject = D7432F6426555F7C0044E521 /* Project object */;
}
